
Microsoft Visual Studio Solution File, Format Version 12.00
# Visual Studio Version 16
VisualStudioVersion = 16.0.31515.178
MinimumVisualStudioVersion = 10.0.40219.1
Project("{FAE04EC0-301F-11D3-BF4B-00C04F79EFBC}") = "MasterChef", "MasterChef\MasterChef.csproj", "{81E9880C-4879-4CC6-9D94-734ACC3BD34D}"
EndProject
Global
	GlobalSection(SolutionConfigurationPlatforms) = preSolution
		Debug|Any CPU = Debug|Any CPU
		Release|Any CPU = Release|Any CPU
	EndGlobalSection
	GlobalSection(ProjectConfigurationPlatforms) = postSolution
		{81E9880C-4879-4CC6-9D94-734ACC3BD34D}.Debug|Any CPU.ActiveCfg = Debug|Any CPU
		{81E9880C-4879-4CC6-9D94-734ACC3BD34D}.Debug|Any CPU.Build.0 = Debug|Any CPU
		{81E9880C-4879-4CC6-9D94-734ACC3BD34D}.Release|Any CPU.ActiveCfg = Release|Any CPU
		{81E9880C-4879-4CC6-9D94-734ACC3BD34D}.Release|Any CPU.Build.0 = Release|Any CPU
	EndGlobalSection
	GlobalSection(SolutionProperties) = preSolution
		HideSolutionNode = FALSE
	EndGlobalSection
	GlobalSection(ExtensibilityGlobals) = postSolution
		SolutionGuid = {6D596805-7BEA-4077-82B1-0CAE6ACA6EB7}
	EndGlobalSection
EndGlobal
